
Microsoft Visual Studio Solution File, Format Version 12.00
# Visual Studio 15
VisualStudioVersion = 15.0.28307.572
MinimumVisualStudioVersion = 10.0.40219.1
Project("{888888A0-9F3D-457C-B088-3A5042F75D52}") = "fishPI", "fishPI.pyproj", "{E1073813-E087-4A2A-B4F8-C5EB1F0ABAA4}"
EndProject
Global
	GlobalSection(SolutionConfigurationPlatforms) = preSolution
		Debug|Any CPU = Debug|Any CPU
		Release|Any CPU = Release|Any CPU
	EndGlobalSection
	GlobalSection(ProjectConfigurationPlatforms) = postSolution
		{E1073813-E087-4A2A-B4F8-C5EB1F0ABAA4}.Debug|Any CPU.ActiveCfg = Debug|Any CPU
		{E1073813-E087-4A2A-B4F8-C5EB1F0ABAA4}.Debug|Any CPU.Build.0 = Debug|Any CPU
		{E1073813-E087-4A2A-B4F8-C5EB1F0ABAA4}.Release|Any CPU.ActiveCfg = Release|Any CPU
		{E1073813-E087-4A2A-B4F8-C5EB1F0ABAA4}.Release|Any CPU.Build.0 = Release|Any CPU
	EndGlobalSection
	GlobalSection(SolutionProperties) = preSolution
		HideSolutionNode = FALSE
	EndGlobalSection
	GlobalSection(ExtensibilityGlobals) = postSolution
		SolutionGuid = {B70E842C-54F5-434A-87DB-F2F4568AAB6C}
	EndGlobalSection
EndGlobal
